// !$*UTF8*$!
{
	archiveVersion = 1;
	classes = {
	};
	objectVersion = 55;
	objects = {

/* Begin PBXBuildFile section */
		191CA0AF2801E757002262D4 /* ChiefAppApp.swift in Sources */ = {isa = PBXBuildFile; fileRef = 191CA0AE2801E757002262D4 /* ChiefAppApp.swift */; };
		191CA0B12801E757002262D4 /* ContentView.swift in Sources */ = {isa = PBXBuildFile; fileRef = 191CA0B02801E757002262D4 /* ContentView.swift */; };
		191CA0B32801E758002262D4 /* Assets.xcassets in Resources */ = {isa = PBXBuildFile; fileRef = 191CA0B22801E758002262D4 /* Assets.xcassets */; };
		191CA0B62801E758002262D4 /* Preview Assets.xcassets in Resources */ = {isa = PBXBuildFile; fileRef = 191CA0B52801E758002262D4 /* Preview Assets.xcassets */; };
		191CA0C02801E758002262D4 /* ChiefAppTests.swift in Sources */ = {isa = PBXBuildFile; fileRef = 191CA0BF2801E758002262D4 /* ChiefAppTests.swift */; };
		191CA0CA2801E758002262D4 /* ChiefAppUITests.swift in Sources */ = {isa = PBXBuildFile; fileRef = 191CA0C92801E758002262D4 /* ChiefAppUITests.swift */; };
		191CA0CC2801E758002262D4 /* ChiefAppUITestsLaunchTests.swift in Sources */ = {isa = PBXBuildFile; fileRef = 191CA0CB2801E758002262D4 /* ChiefAppUITestsLaunchTests.swift */; };
/* End PBXBuildFile section */

/* Begin PBXContainerItemProxy section */
		191CA0BC2801E758002262D4 /* PBXContainerItemProxy */ = {
			isa = PBXContainerItemProxy;
			containerPortal = 191CA0A32801E757002262D4 /* Project object */;
			proxyType = 1;
			remoteGlobalIDString = 191CA0AA2801E757002262D4;
			remoteInfo = ChiefApp;
		};
		191CA0C62801E758002262D4 /* PBXContainerItemProxy */ = {
			isa = PBXContainerItemProxy;
			containerPortal = 191CA0A32801E757002262D4 /* Project object */;
			proxyType = 1;
			remoteGlobalIDString = 191CA0AA2801E757002262D4;
			remoteInfo = ChiefApp;
		};
/* End PBXContainerItemProxy section */

/* Begin PBXFileReference section */
		191CA0AB2801E757002262D4 /* ChiefApp.app */ = {isa = PBXFileReference; explicitFileType = wrapper.application; includeInIndex = 0; path = ChiefApp.app; sourceTree = BUILT_PRODUCTS_DIR; };
		191CA0AE2801E757002262D4 /* ChiefAppApp.swift */ = {isa = PBXFileReference; lastKnownFileType = sourcecode.swift; path = ChiefAppApp.swift; sourceTree = "<group>"; };
		191CA0B02801E757002262D4 /* ContentView.swift */ = {isa = PBXFileReference; lastKnownFileType = sourcecode.swift; path = ContentView.swift; sourceTree = "<group>"; };
		191CA0B22801E758002262D4 /* Assets.xcassets */ = {isa = PBXFileReference; lastKnownFileType = folder.assetcatalog; path = Assets.xcassets; sourceTree = "<group>"; };
		191CA0B52801E758002262D4 /* Preview Assets.xcassets */ = {isa = PBXFileReference; lastKnownFileType = folder.assetcatalog; path = "Preview Assets.xcassets"; sourceTree = "<group>"; };
		191CA0BB2801E758002262D4 /* ChiefAppTests.xctest */ = {isa = PBXFileReference; explicitFileType = wrapper.cfbundle; includeInIndex = 0; path = ChiefAppTests.xctest; sourceTree = BUILT_PRODUCTS_DIR; };
		191CA0BF2801E758002262D4 /* ChiefAppTests.swift */ = {isa = PBXFileReference; lastKnownFileType = sourcecode.swift; path = ChiefAppTests.swift; sourceTree = "<group>"; };
		191CA0C52801E758002262D4 /* ChiefAppUITests.xctest */ = {isa = PBXFileReference; explicitFileType = wrapper.cfbundle; includeInIndex = 0; path = ChiefAppUITests.xctest; sourceTree = BUILT_PRODUCTS_DIR; };
		191CA0C92801E758002262D4 /* ChiefAppUITests.swift */ = {isa = PBXFileReference; lastKnownFileType = sourcecode.swift; path = ChiefAppUITests.swift; sourceTree = "<group>"; };
		191CA0CB2801E758002262D4 /* ChiefAppUITestsLaunchTests.swift */ = {isa = PBXFileReference; lastKnownFileType = sourcecode.swift; path = ChiefAppUITestsLaunchTests.swift; sourceTree = "<group>"; };
/* End PBXFileReference section */

/* Begin PBXFrameworksBuildPhase section */
		191CA0A82801E757002262D4 /* Frameworks */ = {
			isa = PBXFrameworksBuildPhase;
			buildActionMask = 2147483647;
			files = (
			);
			runOnlyForDeploymentPostprocessing = 0;
		};
		191CA0B82801E758002262D4 /* Frameworks */ = {
			isa = PBXFrameworksBuildPhase;
			buildActionMask = 2147483647;
			files = (
			);
			runOnlyForDeploymentPostprocessing = 0;
		};
		191CA0C22801E758002262D4 /* Frameworks */ = {
			isa = PBXFrameworksBuildPhase;
			buildActionMask = 2147483647;
			files = (
			);
			runOnlyForDeploymentPostprocessing = 0;
		};
/* End PBXFrameworksBuildPhase section */

/* Begin PBXGroup section */
		191CA0A22801E757002262D4 = {
			isa = PBXGroup;
			children = (
				191CA0AD2801E757002262D4 /* ChiefApp */,
				191CA0BE2801E758002262D4 /* ChiefAppTests */,
				191CA0C82801E758002262D4 /* ChiefAppUITests */,
				191CA0AC2801E757002262D4 /* Products */,
			);
			sourceTree = "<group>";
		};
		191CA0AC2801E757002262D4 /* Products */ = {
			isa = PBXGroup;
			children = (
				191CA0AB2801E757002262D4 /* ChiefApp.app */,
				191CA0BB2801E758002262D4 /* ChiefAppTests.xctest */,
				191CA0C52801E758002262D4 /* ChiefAppUITests.xctest */,
			);
			name = Products;
			sourceTree = "<group>";
		};
		191CA0AD2801E757002262D4 /* ChiefApp */ = {
			isa = PBXGroup;
			children = (
				191CA0AE2801E757002262D4 /* ChiefAppApp.swift */,
				191CA0B02801E757002262D4 /* ContentView.swift */,
				191CA0B22801E758002262D4 /* Assets.xcassets */,
				191CA0B42801E758002262D4 /* Preview Content */,
			);
			path = ChiefApp;
			sourceTree = "<group>";
		};
		191CA0B42801E758002262D4 /* Preview Content */ = {
			isa = PBXGroup;
			children = (
				191CA0B52801E758002262D4 /* Preview Assets.xcassets */,
			);
			path = "Preview Content";
			sourceTree = "<group>";
		};
		191CA0BE2801E758002262D4 /* ChiefAppTests */ = {
			isa = PBXGroup;
			children = (
				191CA0BF2801E758002262D4 /* ChiefAppTests.swift */,
			);
			path = ChiefAppTests;
			sourceTree = "<group>";
		};
		191CA0C82801E758002262D4 /* ChiefAppUITests */ = {
			isa = PBXGroup;
			children = (
				191CA0C92801E758002262D4 /* ChiefAppUITests.swift */,
				191CA0CB2801E758002262D4 /* ChiefAppUITestsLaunchTests.swift */,
			);
			path = ChiefAppUITests;
			sourceTree = "<group>";
		};
/* End PBXGroup section */

/* Begin PBXNativeTarget section */
		191CA0AA2801E757002262D4 /* ChiefApp */ = {
			isa = PBXNativeTarget;
			buildConfigurationList = 191CA0CF2801E758002262D4 /* Build configuration list for PBXNativeTarget "ChiefApp" */;
			buildPhases = (
				191CA0A72801E757002262D4 /* Sources */,
				191CA0A82801E757002262D4 /* Frameworks */,
				191CA0A92801E757002262D4 /* Resources */,
			);
			buildRules = (
			);
			dependencies = (
			);
			name = ChiefApp;
			productName = ChiefApp;
			productReference = 191CA0AB2801E757002262D4 /* ChiefApp.app */;
			productType = "com.apple.product-type.application";
		};
		191CA0BA2801E758002262D4 /* ChiefAppTests */ = {
			isa = PBXNativeTarget;
			buildConfigurationList = 191CA0D22801E758002262D4 /* Build configuration list for PBXNativeTarget "ChiefAppTests" */;
			buildPhases = (
				191CA0B72801E758002262D4 /* Sources */,
				191CA0B82801E758002262D4 /* Frameworks */,
				191CA0B92801E758002262D4 /* Resources */,
			);
			buildRules = (
			);
			dependencies = (
				191CA0BD2801E758002262D4 /* PBXTargetDependency */,
			);
			name = ChiefAppTests;
			productName = ChiefAppTests;
			productReference = 191CA0BB2801E758002262D4 /* ChiefAppTests.xctest */;
			productType = "com.apple.product-type.bundle.unit-test";
		};
		191CA0C42801E758002262D4 /* ChiefAppUITests */ = {
			isa = PBXNativeTarget;
			buildConfigurationList = 191CA0D52801E758002262D4 /* Build configuration list for PBXNativeTarget "ChiefAppUITests" */;
			buildPhases = (
				191CA0C12801E758002262D4 /* Sources */,
				191CA0C22801E758002262D4 /* Frameworks */,
				191CA0C32801E758002262D4 /* Resources */,
			);
			buildRules = (
			);
			dependencies = (
				191CA0C72801E758002262D4 /* PBXTargetDependency */,
			);
			name = ChiefAppUITests;
			productName = ChiefAppUITests;
			productReference = 191CA0C52801E758002262D4 /* ChiefAppUITests.xctest */;
			productType = "com.apple.product-type.bundle.ui-testing";
		};
/* End PBXNativeTarget section */

/* Begin PBXProject section */
		191CA0A32801E757002262D4 /* Project object */ = {
			isa = PBXProject;
			attributes = {
				BuildIndependentTargetsInParallel = 1;
				LastSwiftUpdateCheck = 1330;
				LastUpgradeCheck = 1330;
				TargetAttributes = {
					191CA0AA2801E757002262D4 = {
						CreatedOnToolsVersion = 13.3;
					};
					191CA0BA2801E758002262D4 = {
						CreatedOnToolsVersion = 13.3;
						TestTargetID = 191CA0AA2801E757002262D4;
					};
					191CA0C42801E758002262D4 = {
						CreatedOnToolsVersion = 13.3;
						TestTargetID = 191CA0AA2801E757002262D4;
					};
				};
			};
			buildConfigurationList = 191CA0A62801E757002262D4 /* Build configuration list for PBXProject "ChiefApp" */;
			compatibilityVersion = "Xcode 13.0";
			developmentRegion = en;
			hasScannedForEncodings = 0;
			knownRegions = (
				en,
				Base,
			);
			mainGroup = 191CA0A22801E757002262D4;
			productRefGroup = 191CA0AC2801E757002262D4 /* Products */;
			projectDirPath = "";
			projectRoot = "";
			targets = (
				191CA0AA2801E757002262D4 /* ChiefApp */,
				191CA0BA2801E758002262D4 /* ChiefAppTests */,
				191CA0C42801E758002262D4 /* ChiefAppUITests */,
			);
		};
/* End PBXProject section */

/* Begin PBXResourcesBuildPhase section */
		191CA0A92801E757002262D4 /* Resources */ = {
			isa = PBXResourcesBuildPhase;
			buildActionMask = 2147483647;
			files = (
				191CA0B62801E758002262D4 /* Preview Assets.xcassets in Resources */,
				191CA0B32801E758002262D4 /* Assets.xcassets in Resources */,
			);
			runOnlyForDeploymentPostprocessing = 0;
		};
		191CA0B92801E758002262D4 /* Resources */ = {
			isa = PBXResourcesBuildPhase;
			buildActionMask = 2147483647;
			files = (
			);
			runOnlyForDeploymentPostprocessing = 0;
		};
		191CA0C32801E758002262D4 /* Resources */ = {
			isa = PBXResourcesBuildPhase;
			buildActionMask = 2147483647;
			files = (
			);
			runOnlyForDeploymentPostprocessing = 0;
		};
/* End PBXResourcesBuildPhase section */

/* Begin PBXSourcesBuildPhase section */
		191CA0A72801E757002262D4 /* Sources */ = {
			isa = PBXSourcesBuildPhase;
			buildActionMask = 2147483647;
			files = (
				191CA0B12801E757002262D4 /* ContentView.swift in Sources */,
				191CA0AF2801E757002262D4 /* ChiefAppApp.swift in Sources */,
			);
			runOnlyForDeploymentPostprocessing = 0;
		};
		191CA0B72801E758002262D4 /* Sources */ = {
			isa = PBXSourcesBuildPhase;
			buildActionMask = 2147483647;
			files = (
				191CA0C02801E758002262D4 /* ChiefAppTests.swift in Sources */,
			);
			runOnlyForDeploymentPostprocessing = 0;
		};
		191CA0C12801E758002262D4 /* Sources */ = {
			isa = PBXSourcesBuildPhase;
			buildActionMask = 2147483647;
			files = (
				191CA0CC2801E758002262D4 /* ChiefAppUITestsLaunchTests.swift in Sources */,
				191CA0CA2801E758002262D4 /* ChiefAppUITests.swift in Sources */,
			);
			runOnlyForDeploymentPostprocessing = 0;
		};
/* End PBXSourcesBuildPhase section */

/* Begin PBXTargetDependency section */
		191CA0BD2801E758002262D4 /* PBXTargetDependency */ = {
			isa = PBXTargetDependency;
			target = 191CA0AA2801E757002262D4 /* ChiefApp */;
			targetProxy = 191CA0BC2801E758002262D4 /* PBXContainerItemProxy */;
		};
		191CA0C72801E758002262D4 /* PBXTargetDependency */ = {
			isa = PBXTargetDependency;
			target = 191CA0AA2801E757002262D4 /* ChiefApp */;
			targetProxy = 191CA0C62801E758002262D4 /* PBXContainerItemProxy */;
		};
/* End PBXTargetDependency section */

/* Begin XCBuildConfiguration section */
		191CA0CD2801E758002262D4 /* Debug */ = {
			isa = XCBuildConfiguration;
			buildSettings = {
				ALWAYS_SEARCH_USER_PATHS = NO;
				CLANG_ANALYZER_NONNULL = YES;
				CLANG_ANALYZER_NUMBER_OBJECT_CONVERSION = YES_AGGRESSIVE;
				CLANG_CXX_LANGUAGE_STANDARD = "gnu++17";
				CLANG_ENABLE_MODULES = YES;
				CLANG_ENABLE_OBJC_ARC = YES;
				CLANG_ENABLE_OBJC_WEAK = YES;
				CLANG_WARN_BLOCK_CAPTURE_AUTORELEASING = YES;
				CLANG_WARN_BOOL_CONVERSION = YES;
				CLANG_WARN_COMMA = YES;
				CLANG_WARN_CONSTANT_CONVERSION = YES;
				CLANG_WARN_DEPRECATED_OBJC_IMPLEMENTATIONS = YES;
				CLANG_WARN_DIRECT_OBJC_ISA_USAGE = YES_ERROR;
				CLANG_WARN_DOCUMENTATION_COMMENTS = YES;
				CLANG_WARN_EMPTY_BODY = YES;
				CLANG_WARN_ENUM_CONVERSION = YES;
				CLANG_WARN_INFINITE_RECURSION = YES;
				CLANG_WARN_INT_CONVERSION = YES;
				CLANG_WARN_NON_LITERAL_NULL_CONVERSION = YES;
				CLANG_WARN_OBJC_IMPLICIT_RETAIN_SELF = YES;
				CLANG_WARN_OBJC_LITERAL_CONVERSION = YES;
				CLANG_WARN_OBJC_ROOT_CLASS = YES_ERROR;
				CLANG_WARN_QUOTED_INCLUDE_IN_FRAMEWORK_HEADER = YES;
				CLANG_WARN_RANGE_LOOP_ANALYSIS = YES;
				CLANG_WARN_STRICT_PROTOTYPES = YES;
				CLANG_WARN_SUSPICIOUS_MOVE = YES;
				CLANG_WARN_UNGUARDED_AVAILABILITY = YES_AGGRESSIVE;
				CLANG_WARN_UNREACHABLE_CODE = YES;
				CLANG_WARN__DUPLICATE_METHOD_MATCH = YES;
				COPY_PHASE_STRIP = NO;
				DEBUG_INFORMATION_FORMAT = dwarf;
				ENABLE_STRICT_OBJC_MSGSEND = YES;
				ENABLE_TESTABILITY = YES;
				GCC_C_LANGUAGE_STANDARD = gnu11;
				GCC_DYNAMIC_NO_PIC = NO;
				GCC_NO_COMMON_BLOCKS = YES;
				GCC_OPTIMIZATION_LEVEL = 0;
				GCC_PREPROCESSOR_DEFINITIONS = (
					"DEBUG=1",
					"$(inherited)",
				);
				GCC_WARN_64_TO_32_BIT_CONVERSION = YES;
				GCC_WARN_ABOUT_RETURN_TYPE = YES_ERROR;
				GCC_WARN_UNDECLARED_SELECTOR = YES;
				GCC_WARN_UNINITIALIZED_AUTOS = YES_AGGRESSIVE;
				GCC_WARN_UNUSED_FUNCTION = YES;
				GCC_WARN_UNUSED_VARIABLE = YES;
				IPHONEOS_DEPLOYMENT_TARGET = 15.4;
				MTL_ENABLE_DEBUG_INFO = INCLUDE_SOURCE;
				MTL_FAST_MATH = YES;
				ONLY_ACTIVE_ARCH = YES;
				SDKROOT = iphoneos;
				SWIFT_ACTIVE_COMPILATION_CONDITIONS = DEBUG;
				SWIFT_OPTIMIZATION_LEVEL = "-Onone";
			};
			name = Debug;
		};
		191CA0CE2801E758002262D4 /* Release */ = {
			isa = XCBuildConfiguration;
			buildSettings = {
				ALWAYS_SEARCH_USER_PATHS = NO;
				CLANG_ANALYZER_NONNULL = YES;
				CLANG_ANALYZER_NUMBER_OBJECT_CONVERSION = YES_AGGRESSIVE;
				CLANG_CXX_LANGUAGE_STANDARD = "gnu++17";
				CLANG_ENABLE_MODULES = YES;
				CLANG_ENABLE_OBJC_ARC = YES;
				CLANG_ENABLE_OBJC_WEAK = YES;
				CLANG_WARN_BLOCK_CAPTURE_AUTORELEASING = YES;
				CLANG_WARN_BOOL_CONVERSION = YES;
				CLANG_WARN_COMMA = YES;
				CLANG_WARN_CONSTANT_CONVERSION = YES;
				CLANG_WARN_DEPRECATED_OBJC_IMPLEMENTATIONS = YES;
				CLANG_WARN_DIRECT_OBJC_ISA_USAGE = YES_ERROR;
				CLANG_WARN_DOCUMENTATION_COMMENTS = YES;
				CLANG_WARN_EMPTY_BODY = YES;
				CLANG_WARN_ENUM_CONVERSION = YES;
				CLANG_WARN_INFINITE_RECURSION = YES;
				CLANG_WARN_INT_CONVERSION = YES;
				CLANG_WARN_NON_LITERAL_NULL_CONVERSION = YES;
				CLANG_WARN_OBJC_IMPLICIT_RETAIN_SELF = YES;
				CLANG_WARN_OBJC_LITERAL_CONVERSION = YES;
				CLANG_WARN_OBJC_ROOT_CLASS = YES_ERROR;
				CLANG_WARN_QUOTED_INCLUDE_IN_FRAMEWORK_HEADER = YES;
				CLANG_WARN_RANGE_LOOP_ANALYSIS = YES;
				CLANG_WARN_STRICT_PROTOTYPES = YES;
				CLANG_WARN_SUSPICIOUS_MOVE = YES;
				CLANG_WARN_UNGUARDED_AVAILABILITY = YES_AGGRESSIVE;
				CLANG_WARN_UNREACHABLE_CODE = YES;
				CLANG_WARN__DUPLICATE_METHOD_MATCH = YES;
				COPY_PHASE_STRIP = NO;
				DEBUG_INFORMATION_FORMAT = "dwarf-with-dsym";
				ENABLE_NS_ASSERTIONS = NO;
				ENABLE_STRICT_OBJC_MSGSEND = YES;
				GCC_C_LANGUAGE_STANDARD = gnu11;
				GCC_NO_COMMON_BLOCKS = YES;
				GCC_WARN_64_TO_32_BIT_CONVERSION = YES;
				GCC_WARN_ABOUT_RETURN_TYPE = YES_ERROR;
				GCC_WARN_UNDECLARED_SELECTOR = YES;
				GCC_WARN_UNINITIALIZED_AUTOS = YES_AGGRESSIVE;
				GCC_WARN_UNUSED_FUNCTION = YES;
				GCC_WARN_UNUSED_VARIABLE = YES;
				IPHONEOS_DEPLOYMENT_TARGET = 15.4;
				MTL_ENABLE_DEBUG_INFO = NO;
				MTL_FAST_MATH = YES;
				SDKROOT = iphoneos;
				SWIFT_COMPILATION_MODE = wholemodule;
				SWIFT_OPTIMIZATION_LEVEL = "-O";
				VALIDATE_PRODUCT = YES;
			};
			name = Release;
		};
		191CA0D02801E758002262D4 /* Debug */ = {
			isa = XCBuildConfiguration;
			buildSettings = {
				ASSETCATALOG_COMPILER_APPICON_NAME = AppIcon;
				ASSETCATALOG_COMPILER_GLOBAL_ACCENT_COLOR_NAME = AccentColor;
				CODE_SIGN_STYLE = Automatic;
				CURRENT_PROJECT_VERSION = 1;
				DEVELOPMENT_ASSET_PATHS = "\"ChiefApp/Preview Content\"";
				DEVELOPMENT_TEAM = HNSKUL3WR3;
				ENABLE_PREVIEWS = YES;
				GENERATE_INFOPLIST_FILE = YES;
				INFOPLIST_KEY_UIApplicationSceneManifest_Generation = YES;
				INFOPLIST_KEY_UIApplicationSupportsIndirectInputEvents = YES;
				INFOPLIST_KEY_UILaunchScreen_Generation = YES;
				INFOPLIST_KEY_UISupportedInterfaceOrientations_iPad = "UIInterfaceOrientationPortrait UIInterfaceOrientationPortraitUpsideDown UIInterfaceOrientationLandscapeLeft UIInterfaceOrientationLandscapeRight";
				INFOPLIST_KEY_UISupportedInterfaceOrientations_iPhone = "UIInterfaceOrientationPortrait UIInterfaceOrientationLandscapeLeft UIInterfaceOrientationLandscapeRight";
				LD_RUNPATH_SEARCH_PATHS = (
					"$(inherited)",
					"@executable_path/Frameworks",
				);
				MARKETING_VERSION = 1.0;
				PRODUCT_BUNDLE_IDENTIFIER = com.kkarpiak.ChiefApp;
				PRODUCT_NAME = "$(TARGET_NAME)";
				SWIFT_EMIT_LOC_STRINGS = YES;
				SWIFT_VERSION = 5.0;
				TARGETED_DEVICE_FAMILY = "1,2";
			};
			name = Debug;
		};
		191CA0D12801E758002262D4 /* Release */ = {
			isa = XCBuildConfiguration;
			buildSettings = {
				ASSETCATALOG_COMPILER_APPICON_NAME = AppIcon;
				ASSETCATALOG_COMPILER_GLOBAL_ACCENT_COLOR_NAME = AccentColor;
				CODE_SIGN_STYLE = Automatic;
				CURRENT_PROJECT_VERSION = 1;
				DEVELOPMENT_ASSET_PATHS = "\"ChiefApp/Preview Content\"";
				DEVELOPMENT_TEAM = HNSKUL3WR3;
				ENABLE_PREVIEWS = YES;
				GENERATE_INFOPLIST_FILE = YES;
				INFOPLIST_KEY_UIApplicationSceneManifest_Generation = YES;
				INFOPLIST_KEY_UIApplicationSupportsIndirectInputEvents = YES;
				INFOPLIST_KEY_UILaunchScreen_Generation = YES;
				INFOPLIST_KEY_UISupportedInterfaceOrientations_iPad = "UIInterfaceOrientationPortrait UIInterfaceOrientationPortraitUpsideDown UIInterfaceOrientationLandscapeLeft UIInterfaceOrientationLandscapeRight";
				INFOPLIST_KEY_UISupportedInterfaceOrientations_iPhone = "UIInterfaceOrientationPortrait UIInterfaceOrientationLandscapeLeft UIInterfaceOrientationLandscapeRight";
				LD_RUNPATH_SEARCH_PATHS = (
					"$(inherited)",
					"@executable_path/Frameworks",
				);
				MARKETING_VERSION = 1.0;
				PRODUCT_BUNDLE_IDENTIFIER = com.kkarpiak.ChiefApp;
				PRODUCT_NAME = "$(TARGET_NAME)";
				SWIFT_EMIT_LOC_STRINGS = YES;
				SWIFT_VERSION = 5.0;
				TARGETED_DEVICE_FAMILY = "1,2";
			};
			name = Release;
		};
		191CA0D32801E758002262D4 /* Debug */ = {
			isa = XCBuildConfiguration;
			buildSettings = {
				ALWAYS_EMBED_SWIFT_STANDARD_LIBRARIES = YES;
				BUNDLE_LOADER = "$(TEST_HOST)";
				CODE_SIGN_STYLE = Automatic;
				CURRENT_PROJECT_VERSION = 1;
				DEVELOPMENT_TEAM = HNSKUL3WR3;
				GENERATE_INFOPLIST_FILE = YES;
				IPHONEOS_DEPLOYMENT_TARGET = 15.4;
				MARKETING_VERSION = 1.0;
				PRODUCT_BUNDLE_IDENTIFIER = com.kkarpiak.ChiefAppTests;
				PRODUCT_NAME = "$(TARGET_NAME)";
				SWIFT_EMIT_LOC_STRINGS = NO;
				SWIFT_VERSION = 5.0;
				TARGETED_DEVICE_FAMILY = "1,2";
				TEST_HOST = "$(BUILT_PRODUCTS_DIR)/ChiefApp.app/ChiefApp";
			};
			name = Debug;
		};
		191CA0D42801E758002262D4 /* Release */ = {
			isa = XCBuildConfiguration;
			buildSettings = {
				ALWAYS_EMBED_SWIFT_STANDARD_LIBRARIES = YES;
				BUNDLE_LOADER = "$(TEST_HOST)";
				CODE_SIGN_STYLE = Automatic;
				CURRENT_PROJECT_VERSION = 1;
				DEVELOPMENT_TEAM = HNSKUL3WR3;
				GENERATE_INFOPLIST_FILE = YES;
				IPHONEOS_DEPLOYMENT_TARGET = 15.4;
				MARKETING_VERSION = 1.0;
				PRODUCT_BUNDLE_IDENTIFIER = com.kkarpiak.ChiefAppTests;
				PRODUCT_NAME = "$(TARGET_NAME)";
				SWIFT_EMIT_LOC_STRINGS = NO;
				SWIFT_VERSION = 5.0;
				TARGETED_DEVICE_FAMILY = "1,2";
				TEST_HOST = "$(BUILT_PRODUCTS_DIR)/ChiefApp.app/ChiefApp";
			};
			name = Release;
		};
		191CA0D62801E758002262D4 /* Debug */ = {
			isa = XCBuildConfiguration;
			buildSettings = {
				ALWAYS_EMBED_SWIFT_STANDARD_LIBRARIES = YES;
				CODE_SIGN_STYLE = Automatic;
				CURRENT_PROJECT_VERSION = 1;
				DEVELOPMENT_TEAM = HNSKUL3WR3;
				GENERATE_INFOPLIST_FILE = YES;
				MARKETING_VERSION = 1.0;
				PRODUCT_BUNDLE_IDENTIFIER = com.kkarpiak.ChiefAppUITests;
				PRODUCT_NAME = "$(TARGET_NAME)";
				SWIFT_EMIT_LOC_STRINGS = NO;
				SWIFT_VERSION = 5.0;
				TARGETED_DEVICE_FAMILY = "1,2";
				TEST_TARGET_NAME = ChiefApp;
			};
			name = Debug;
		};
		191CA0D72801E758002262D4 /* Release */ = {
			isa = XCBuildConfiguration;
			buildSettings = {
				ALWAYS_EMBED_SWIFT_STANDARD_LIBRARIES = YES;
				CODE_SIGN_STYLE = Automatic;
				CURRENT_PROJECT_VERSION = 1;
				DEVELOPMENT_TEAM = HNSKUL3WR3;
				GENERATE_INFOPLIST_FILE = YES;
				MARKETING_VERSION = 1.0;
				PRODUCT_BUNDLE_IDENTIFIER = com.kkarpiak.ChiefAppUITests;
				PRODUCT_NAME = "$(TARGET_NAME)";
				SWIFT_EMIT_LOC_STRINGS = NO;
				SWIFT_VERSION = 5.0;
				TARGETED_DEVICE_FAMILY = "1,2";
				TEST_TARGET_NAME = ChiefApp;
			};
			name = Release;
		};
/* End XCBuildConfiguration section */

/* Begin XCConfigurationList section */
		191CA0A62801E757002262D4 /* Build configuration list for PBXProject "ChiefApp" */ = {
			isa = XCConfigurationList;
			buildConfigurations = (
				191CA0CD2801E758002262D4 /* Debug */,
				191CA0CE2801E758002262D4 /* Release */,
			);
			defaultConfigurationIsVisible = 0;
			defaultConfigurationName = Release;
		};
		191CA0CF2801E758002262D4 /* Build configuration list for PBXNativeTarget "ChiefApp" */ = {
			isa = XCConfigurationList;
			buildConfigurations = (
				191CA0D02801E758002262D4 /* Debug */,
				191CA0D12801E758002262D4 /* Release */,
			);
			defaultConfigurationIsVisible = 0;
			defaultConfigurationName = Release;
		};
		191CA0D22801E758002262D4 /* Build configuration list for PBXNativeTarget "ChiefAppTests" */ = {
			isa = XCConfigurationList;
			buildConfigurations = (
				191CA0D32801E758002262D4 /* Debug */,
				191CA0D42801E758002262D4 /* Release */,
			);
			defaultConfigurationIsVisible = 0;
			defaultConfigurationName = Release;
		};
		191CA0D52801E758002262D4 /* Build configuration list for PBXNativeTarget "ChiefAppUITests" */ = {
			isa = XCConfigurationList;
			buildConfigurations = (
				191CA0D62801E758002262D4 /* Debug */,
				191CA0D72801E758002262D4 /* Release */,
			);
			defaultConfigurationIsVisible = 0;
			defaultConfigurationName = Release;
		};
/* End XCConfigurationList section */
	};
	rootObject = 191CA0A32801E757002262D4 /* Project object */;
}
